// !$*UTF8*$!
{
	archiveVersion = 1;
	classes = {
	};
	objectVersion = 46;
	objects = {

/* Begin PBXBuildFile section */
		8D46B00335F59303DD750C78 /* Pods_TweetPinPointerUITests.framework in Frameworks */ = {isa = PBXBuildFile; fileRef = DBE85FD9F81671D4C1030CBB /* Pods_TweetPinPointerUITests.framework */; };
		B80A4B281DA07048007BFF99 /* Constant.swift in Sources */ = {isa = PBXBuildFile; fileRef = B80A4B271DA07048007BFF99 /* Constant.swift */; };
		B80FED1D1DA09D48006B4F21 /* MarkerCreator.swift in Sources */ = {isa = PBXBuildFile; fileRef = B80FED1C1DA09D48006B4F21 /* MarkerCreator.swift */; };
		B80FED1F1DA09FB4006B4F21 /* Tweet.swift in Sources */ = {isa = PBXBuildFile; fileRef = B80FED1E1DA09FB4006B4F21 /* Tweet.swift */; };
		B80FED211DA0A638006B4F21 /* TweetInfoWindow.xib in Resources */ = {isa = PBXBuildFile; fileRef = B80FED201DA0A638006B4F21 /* TweetInfoWindow.xib */; };
		B80FED231DA0A8A9006B4F21 /* TweetInfoWindow.swift in Sources */ = {isa = PBXBuildFile; fileRef = B80FED221DA0A8A9006B4F21 /* TweetInfoWindow.swift */; };
		B80FED251DA0AC53006B4F21 /* NibLoadExtension.swift in Sources */ = {isa = PBXBuildFile; fileRef = B80FED241DA0AC53006B4F21 /* NibLoadExtension.swift */; };
		B80FED271DA0B96E006B4F21 /* MapsDelegate.swift in Sources */ = {isa = PBXBuildFile; fileRef = B80FED261DA0B96E006B4F21 /* MapsDelegate.swift */; };
		B896EFAA1DA02D400094DA89 /* AppDelegate.swift in Sources */ = {isa = PBXBuildFile; fileRef = B896EFA91DA02D400094DA89 /* AppDelegate.swift */; };
		B896EFAC1DA02D400094DA89 /* MapsController.swift in Sources */ = {isa = PBXBuildFile; fileRef = B896EFAB1DA02D400094DA89 /* MapsController.swift */; };
		B896EFAF1DA02D400094DA89 /* Main.storyboard in Resources */ = {isa = PBXBuildFile; fileRef = B896EFAD1DA02D400094DA89 /* Main.storyboard */; };
		B896EFB11DA02D400094DA89 /* Assets.xcassets in Resources */ = {isa = PBXBuildFile; fileRef = B896EFB01DA02D400094DA89 /* Assets.xcassets */; };
		B896EFB41DA02D400094DA89 /* LaunchScreen.storyboard in Resources */ = {isa = PBXBuildFile; fileRef = B896EFB21DA02D400094DA89 /* LaunchScreen.storyboard */; };
		B896EFBF1DA02D400094DA89 /* TweetPinPointerTests.swift in Sources */ = {isa = PBXBuildFile; fileRef = B896EFBE1DA02D400094DA89 /* TweetPinPointerTests.swift */; };
		B896EFCA1DA02D400094DA89 /* TweetPinPointerUITests.swift in Sources */ = {isa = PBXBuildFile; fileRef = B896EFC91DA02D400094DA89 /* TweetPinPointerUITests.swift */; };
		D4C1AC1DAC6EC1ED95FE2538 /* Pods_TweetPinPointer.framework in Frameworks */ = {isa = PBXBuildFile; fileRef = 6FF2087B94A810D7DB53EE3C /* Pods_TweetPinPointer.framework */; };
		DC7399176F7C47DA70AC7260 /* Pods_TweetPinPointerTests.framework in Frameworks */ = {isa = PBXBuildFile; fileRef = 4D12CC35BDF5849C9A0DC03C /* Pods_TweetPinPointerTests.framework */; };
/* End PBXBuildFile section */

/* Begin PBXContainerItemProxy section */
		B896EFBB1DA02D400094DA89 /* PBXContainerItemProxy */ = {
			isa = PBXContainerItemProxy;
			containerPortal = B896EF9E1DA02D400094DA89 /* Project object */;
			proxyType = 1;
			remoteGlobalIDString = B896EFA51DA02D400094DA89;
			remoteInfo = TweetPinPointer;
		};
		B896EFC61DA02D400094DA89 /* PBXContainerItemProxy */ = {
			isa = PBXContainerItemProxy;
			containerPortal = B896EF9E1DA02D400094DA89 /* Project object */;
			proxyType = 1;
			remoteGlobalIDString = B896EFA51DA02D400094DA89;
			remoteInfo = TweetPinPointer;
		};
/* End PBXContainerItemProxy section */

/* Begin PBXFileReference section */
		4D12CC35BDF5849C9A0DC03C /* Pods_TweetPinPointerTests.framework */ = {isa = PBXFileReference; explicitFileType = wrapper.framework; includeInIndex = 0; path = Pods_TweetPinPointerTests.framework; sourceTree = BUILT_PRODUCTS_DIR; };
		5AABF6C249C4B14ACD95DAAB /* Pods-TweetPinPointer.release.xcconfig */ = {isa = PBXFileReference; includeInIndex = 1; lastKnownFileType = text.xcconfig; name = "Pods-TweetPinPointer.release.xcconfig"; path = "Pods/Target Support Files/Pods-TweetPinPointer/Pods-TweetPinPointer.release.xcconfig"; sourceTree = "<group>"; };
		6336A4B2941DFB57AC59768B /* Pods-TweetPinPointerUITests.debug.xcconfig */ = {isa = PBXFileReference; includeInIndex = 1; lastKnownFileType = text.xcconfig; name = "Pods-TweetPinPointerUITests.debug.xcconfig"; path = "Pods/Target Support Files/Pods-TweetPinPointerUITests/Pods-TweetPinPointerUITests.debug.xcconfig"; sourceTree = "<group>"; };
		6AF0C76F9CF080A3CBB65D33 /* Pods-TweetPinPointerUITests.release.xcconfig */ = {isa = PBXFileReference; includeInIndex = 1; lastKnownFileType = text.xcconfig; name = "Pods-TweetPinPointerUITests.release.xcconfig"; path = "Pods/Target Support Files/Pods-TweetPinPointerUITests/Pods-TweetPinPointerUITests.release.xcconfig"; sourceTree = "<group>"; };
		6FF2087B94A810D7DB53EE3C /* Pods_TweetPinPointer.framework */ = {isa = PBXFileReference; explicitFileType = wrapper.framework; includeInIndex = 0; path = Pods_TweetPinPointer.framework; sourceTree = BUILT_PRODUCTS_DIR; };
		85263629FA1C21A7341484AF /* Pods-TweetPinPointer.debug.xcconfig */ = {isa = PBXFileReference; includeInIndex = 1; lastKnownFileType = text.xcconfig; name = "Pods-TweetPinPointer.debug.xcconfig"; path = "Pods/Target Support Files/Pods-TweetPinPointer/Pods-TweetPinPointer.debug.xcconfig"; sourceTree = "<group>"; };
		8EF9AAD8EF61923EB907A71D /* Pods-TweetPinPointerTests.release.xcconfig */ = {isa = PBXFileReference; includeInIndex = 1; lastKnownFileType = text.xcconfig; name = "Pods-TweetPinPointerTests.release.xcconfig"; path = "Pods/Target Support Files/Pods-TweetPinPointerTests/Pods-TweetPinPointerTests.release.xcconfig"; sourceTree = "<group>"; };
		B80A4B271DA07048007BFF99 /* Constant.swift */ = {isa = PBXFileReference; fileEncoding = 4; lastKnownFileType = sourcecode.swift; path = Constant.swift; sourceTree = "<group>"; };
		B80FED1C1DA09D48006B4F21 /* MarkerCreator.swift */ = {isa = PBXFileReference; fileEncoding = 4; lastKnownFileType = sourcecode.swift; path = MarkerCreator.swift; sourceTree = "<group>"; };
		B80FED1E1DA09FB4006B4F21 /* Tweet.swift */ = {isa = PBXFileReference; fileEncoding = 4; lastKnownFileType = sourcecode.swift; path = Tweet.swift; sourceTree = "<group>"; };
		B80FED201DA0A638006B4F21 /* TweetInfoWindow.xib */ = {isa = PBXFileReference; fileEncoding = 4; lastKnownFileType = file.xib; path = TweetInfoWindow.xib; sourceTree = "<group>"; };
		B80FED221DA0A8A9006B4F21 /* TweetInfoWindow.swift */ = {isa = PBXFileReference; fileEncoding = 4; lastKnownFileType = sourcecode.swift; path = TweetInfoWindow.swift; sourceTree = "<group>"; };
		B80FED241DA0AC53006B4F21 /* NibLoadExtension.swift */ = {isa = PBXFileReference; fileEncoding = 4; lastKnownFileType = sourcecode.swift; path = NibLoadExtension.swift; sourceTree = "<group>"; };
		B80FED261DA0B96E006B4F21 /* MapsDelegate.swift */ = {isa = PBXFileReference; fileEncoding = 4; lastKnownFileType = sourcecode.swift; path = MapsDelegate.swift; sourceTree = "<group>"; };
		B896EFA61DA02D400094DA89 /* TweetPinPointer.app */ = {isa = PBXFileReference; explicitFileType = wrapper.application; includeInIndex = 0; path = TweetPinPointer.app; sourceTree = BUILT_PRODUCTS_DIR; };
		B896EFA91DA02D400094DA89 /* AppDelegate.swift */ = {isa = PBXFileReference; lastKnownFileType = sourcecode.swift; path = AppDelegate.swift; sourceTree = "<group>"; };
		B896EFAB1DA02D400094DA89 /* MapsController.swift */ = {isa = PBXFileReference; lastKnownFileType = sourcecode.swift; path = MapsController.swift; sourceTree = "<group>"; };
		B896EFAE1DA02D400094DA89 /* Base */ = {isa = PBXFileReference; lastKnownFileType = file.storyboard; name = Base; path = Base.lproj/Main.storyboard; sourceTree = "<group>"; };
		B896EFB01DA02D400094DA89 /* Assets.xcassets */ = {isa = PBXFileReference; lastKnownFileType = folder.assetcatalog; path = Assets.xcassets; sourceTree = "<group>"; };
		B896EFB31DA02D400094DA89 /* Base */ = {isa = PBXFileReference; lastKnownFileType = file.storyboard; name = Base; path = Base.lproj/LaunchScreen.storyboard; sourceTree = "<group>"; };
		B896EFB51DA02D400094DA89 /* Info.plist */ = {isa = PBXFileReference; lastKnownFileType = text.plist.xml; path = Info.plist; sourceTree = "<group>"; };
		B896EFBA1DA02D400094DA89 /* TweetPinPointerTests.xctest */ = {isa = PBXFileReference; explicitFileType = wrapper.cfbundle; includeInIndex = 0; path = TweetPinPointerTests.xctest; sourceTree = BUILT_PRODUCTS_DIR; };
		B896EFBE1DA02D400094DA89 /* TweetPinPointerTests.swift */ = {isa = PBXFileReference; lastKnownFileType = sourcecode.swift; path = TweetPinPointerTests.swift; sourceTree = "<group>"; };
		B896EFC01DA02D400094DA89 /* Info.plist */ = {isa = PBXFileReference; lastKnownFileType = text.plist.xml; path = Info.plist; sourceTree = "<group>"; };
		B896EFC51DA02D400094DA89 /* TweetPinPointerUITests.xctest */ = {isa = PBXFileReference; explicitFileType = wrapper.cfbundle; includeInIndex = 0; path = TweetPinPointerUITests.xctest; sourceTree = BUILT_PRODUCTS_DIR; };
		B896EFC91DA02D400094DA89 /* TweetPinPointerUITests.swift */ = {isa = PBXFileReference; lastKnownFileType = sourcecode.swift; path = TweetPinPointerUITests.swift; sourceTree = "<group>"; };
		B896EFCB1DA02D400094DA89 /* Info.plist */ = {isa = PBXFileReference; lastKnownFileType = text.plist.xml; path = Info.plist; sourceTree = "<group>"; };
		DBE85FD9F81671D4C1030CBB /* Pods_TweetPinPointerUITests.framework */ = {isa = PBXFileReference; explicitFileType = wrapper.framework; includeInIndex = 0; path = Pods_TweetPinPointerUITests.framework; sourceTree = BUILT_PRODUCTS_DIR; };
		EED4B796E8067361C8E3B001 /* Pods-TweetPinPointerTests.debug.xcconfig */ = {isa = PBXFileReference; includeInIndex = 1; lastKnownFileType = text.xcconfig; name = "Pods-TweetPinPointerTests.debug.xcconfig"; path = "Pods/Target Support Files/Pods-TweetPinPointerTests/Pods-TweetPinPointerTests.debug.xcconfig"; sourceTree = "<group>"; };
/* End PBXFileReference section */

/* Begin PBXFrameworksBuildPhase section */
		B896EFA31DA02D400094DA89 /* Frameworks */ = {
			isa = PBXFrameworksBuildPhase;
			buildActionMask = 2147483647;
			files = (
				D4C1AC1DAC6EC1ED95FE2538 /* Pods_TweetPinPointer.framework in Frameworks */,
			);
			runOnlyForDeploymentPostprocessing = 0;
		};
		B896EFB71DA02D400094DA89 /* Frameworks */ = {
			isa = PBXFrameworksBuildPhase;
			buildActionMask = 2147483647;
			files = (
				DC7399176F7C47DA70AC7260 /* Pods_TweetPinPointerTests.framework in Frameworks */,
			);
			runOnlyForDeploymentPostprocessing = 0;
		};
		B896EFC21DA02D400094DA89 /* Frameworks */ = {
			isa = PBXFrameworksBuildPhase;
			buildActionMask = 2147483647;
			files = (
				8D46B00335F59303DD750C78 /* Pods_TweetPinPointerUITests.framework in Frameworks */,
			);
			runOnlyForDeploymentPostprocessing = 0;
		};
/* End PBXFrameworksBuildPhase section */

/* Begin PBXGroup section */
		8DD5D820D6FD7505BF6D3240 /* Frameworks */ = {
			isa = PBXGroup;
			children = (
				6FF2087B94A810D7DB53EE3C /* Pods_TweetPinPointer.framework */,
				4D12CC35BDF5849C9A0DC03C /* Pods_TweetPinPointerTests.framework */,
				DBE85FD9F81671D4C1030CBB /* Pods_TweetPinPointerUITests.framework */,
			);
			name = Frameworks;
			sourceTree = "<group>";
		};
		B80FED281DA0BA0E006B4F21 /* InfoWindow */ = {
			isa = PBXGroup;
			children = (
				B80FED201DA0A638006B4F21 /* TweetInfoWindow.xib */,
				B80FED221DA0A8A9006B4F21 /* TweetInfoWindow.swift */,
				B80FED241DA0AC53006B4F21 /* NibLoadExtension.swift */,
			);
			name = InfoWindow;
			sourceTree = "<group>";
		};
		B80FED291DA0BA38006B4F21 /* Support */ = {
			isa = PBXGroup;
			children = (
				B896EFA91DA02D400094DA89 /* AppDelegate.swift */,
				B896EFB01DA02D400094DA89 /* Assets.xcassets */,
				B896EFB21DA02D400094DA89 /* LaunchScreen.storyboard */,
				B896EFB51DA02D400094DA89 /* Info.plist */,
			);
			name = Support;
			sourceTree = "<group>";
		};
		B896EF9D1DA02D400094DA89 = {
			isa = PBXGroup;
			children = (
				B896EFA81DA02D400094DA89 /* TweetPinPointer */,
				B896EFBD1DA02D400094DA89 /* TweetPinPointerTests */,
				B896EFC81DA02D400094DA89 /* TweetPinPointerUITests */,
				B896EFA71DA02D400094DA89 /* Products */,
				ECA7459FFDD09DCE67FC6970 /* Pods */,
				8DD5D820D6FD7505BF6D3240 /* Frameworks */,
			);
			sourceTree = "<group>";
		};
		B896EFA71DA02D400094DA89 /* Products */ = {
			isa = PBXGroup;
			children = (
				B896EFA61DA02D400094DA89 /* TweetPinPointer.app */,
				B896EFBA1DA02D400094DA89 /* TweetPinPointerTests.xctest */,
				B896EFC51DA02D400094DA89 /* TweetPinPointerUITests.xctest */,
			);
			name = Products;
			sourceTree = "<group>";
		};
		B896EFA81DA02D400094DA89 /* TweetPinPointer */ = {
			isa = PBXGroup;
			children = (
				B80FED291DA0BA38006B4F21 /* Support */,
				B80FED281DA0BA0E006B4F21 /* InfoWindow */,
				B896EFAB1DA02D400094DA89 /* MapsController.swift */,
				B896EFAD1DA02D400094DA89 /* Main.storyboard */,
				B80A4B271DA07048007BFF99 /* Constant.swift */,
				B80FED1C1DA09D48006B4F21 /* MarkerCreator.swift */,
				B80FED1E1DA09FB4006B4F21 /* Tweet.swift */,
				B80FED261DA0B96E006B4F21 /* MapsDelegate.swift */,
			);
			path = TweetPinPointer;
			sourceTree = "<group>";
		};
		B896EFBD1DA02D400094DA89 /* TweetPinPointerTests */ = {
			isa = PBXGroup;
			children = (
				B896EFBE1DA02D400094DA89 /* TweetPinPointerTests.swift */,
				B896EFC01DA02D400094DA89 /* Info.plist */,
			);
			path = TweetPinPointerTests;
			sourceTree = "<group>";
		};
		B896EFC81DA02D400094DA89 /* TweetPinPointerUITests */ = {
			isa = PBXGroup;
			children = (
				B896EFC91DA02D400094DA89 /* TweetPinPointerUITests.swift */,
				B896EFCB1DA02D400094DA89 /* Info.plist */,
			);
			path = TweetPinPointerUITests;
			sourceTree = "<group>";
		};
		ECA7459FFDD09DCE67FC6970 /* Pods */ = {
			isa = PBXGroup;
			children = (
				85263629FA1C21A7341484AF /* Pods-TweetPinPointer.debug.xcconfig */,
				5AABF6C249C4B14ACD95DAAB /* Pods-TweetPinPointer.release.xcconfig */,
				EED4B796E8067361C8E3B001 /* Pods-TweetPinPointerTests.debug.xcconfig */,
				8EF9AAD8EF61923EB907A71D /* Pods-TweetPinPointerTests.release.xcconfig */,
				6336A4B2941DFB57AC59768B /* Pods-TweetPinPointerUITests.debug.xcconfig */,
				6AF0C76F9CF080A3CBB65D33 /* Pods-TweetPinPointerUITests.release.xcconfig */,
			);
			name = Pods;
			sourceTree = "<group>";
		};
/* End PBXGroup section */

/* Begin PBXNativeTarget section */
		B896EFA51DA02D400094DA89 /* TweetPinPointer */ = {
			isa = PBXNativeTarget;
			buildConfigurationList = B896EFCE1DA02D400094DA89 /* Build configuration list for PBXNativeTarget "TweetPinPointer" */;
			buildPhases = (
				55D04F519E11027432D48C3D /* [CP] Check Pods Manifest.lock */,
				B896EFA21DA02D400094DA89 /* Sources */,
				B896EFA31DA02D400094DA89 /* Frameworks */,
				B896EFA41DA02D400094DA89 /* Resources */,
				9B58C844FE4774B6B47038CF /* [CP] Embed Pods Frameworks */,
				3873E2EBD7200E84B1A166C1 /* [CP] Copy Pods Resources */,
			);
			buildRules = (
			);
			dependencies = (
			);
			name = TweetPinPointer;
			productName = TweetPinPointer;
			productReference = B896EFA61DA02D400094DA89 /* TweetPinPointer.app */;
			productType = "com.apple.product-type.application";
		};
		B896EFB91DA02D400094DA89 /* TweetPinPointerTests */ = {
			isa = PBXNativeTarget;
			buildConfigurationList = B896EFD11DA02D400094DA89 /* Build configuration list for PBXNativeTarget "TweetPinPointerTests" */;
			buildPhases = (
				8B3F2AA003C41E69C9969B3B /* [CP] Check Pods Manifest.lock */,
				B896EFB61DA02D400094DA89 /* Sources */,
				B896EFB71DA02D400094DA89 /* Frameworks */,
				B896EFB81DA02D400094DA89 /* Resources */,
				69A56D10AC4F5ECEE47450BF /* [CP] Embed Pods Frameworks */,
				D7DB99BB45FF6DDA0CDD709B /* [CP] Copy Pods Resources */,
			);
			buildRules = (
			);
			dependencies = (
				B896EFBC1DA02D400094DA89 /* PBXTargetDependency */,
			);
			name = TweetPinPointerTests;
			productName = TweetPinPointerTests;
			productReference = B896EFBA1DA02D400094DA89 /* TweetPinPointerTests.xctest */;
			productType = "com.apple.product-type.bundle.unit-test";
		};
		B896EFC41DA02D400094DA89 /* TweetPinPointerUITests */ = {
			isa = PBXNativeTarget;
			buildConfigurationList = B896EFD41DA02D400094DA89 /* Build configuration list for PBXNativeTarget "TweetPinPointerUITests" */;
			buildPhases = (
				F8618F832443AB812749BA56 /* [CP] Check Pods Manifest.lock */,
				B896EFC11DA02D400094DA89 /* Sources */,
				B896EFC21DA02D400094DA89 /* Frameworks */,
				B896EFC31DA02D400094DA89 /* Resources */,
				0C8D30EEB6954E437E449362 /* [CP] Copy Pods Resources */,
			);
			buildRules = (
			);
			dependencies = (
				B896EFC71DA02D400094DA89 /* PBXTargetDependency */,
			);
			name = TweetPinPointerUITests;
			productName = TweetPinPointerUITests;
			productReference = B896EFC51DA02D400094DA89 /* TweetPinPointerUITests.xctest */;
			productType = "com.apple.product-type.bundle.ui-testing";
		};
/* End PBXNativeTarget section */

/* Begin PBXProject section */
		B896EF9E1DA02D400094DA89 /* Project object */ = {
			isa = PBXProject;
			attributes = {
				LastSwiftUpdateCheck = 0800;
				LastUpgradeCheck = 0800;
				ORGANIZATIONNAME = "Minh Hoang";
				TargetAttributes = {
					B896EFA51DA02D400094DA89 = {
						CreatedOnToolsVersion = 8.0;
						DevelopmentTeam = B43REW4B7B;
						ProvisioningStyle = Automatic;
					};
					B896EFB91DA02D400094DA89 = {
						CreatedOnToolsVersion = 8.0;
						ProvisioningStyle = Automatic;
						TestTargetID = B896EFA51DA02D400094DA89;
					};
					B896EFC41DA02D400094DA89 = {
						CreatedOnToolsVersion = 8.0;
						ProvisioningStyle = Automatic;
						TestTargetID = B896EFA51DA02D400094DA89;
					};
				};
			};
			buildConfigurationList = B896EFA11DA02D400094DA89 /* Build configuration list for PBXProject "TweetPinPointer" */;
			compatibilityVersion = "Xcode 3.2";
			developmentRegion = English;
			hasScannedForEncodings = 0;
			knownRegions = (
				en,
				Base,
			);
			mainGroup = B896EF9D1DA02D400094DA89;
			productRefGroup = B896EFA71DA02D400094DA89 /* Products */;
			projectDirPath = "";
			projectRoot = "";
			targets = (
				B896EFA51DA02D400094DA89 /* TweetPinPointer */,
				B896EFB91DA02D400094DA89 /* TweetPinPointerTests */,
				B896EFC41DA02D400094DA89 /* TweetPinPointerUITests */,
			);
		};
/* End PBXProject section */

/* Begin PBXResourcesBuildPhase section */
		B896EFA41DA02D400094DA89 /* Resources */ = {
			isa = PBXResourcesBuildPhase;
			buildActionMask = 2147483647;
			files = (
				B896EFB41DA02D400094DA89 /* LaunchScreen.storyboard in Resources */,
				B896EFB11DA02D400094DA89 /* Assets.xcassets in Resources */,
				B896EFAF1DA02D400094DA89 /* Main.storyboard in Resources */,
				B80FED211DA0A638006B4F21 /* TweetInfoWindow.xib in Resources */,
			);
			runOnlyForDeploymentPostprocessing = 0;
		};
		B896EFB81DA02D400094DA89 /* Resources */ = {
			isa = PBXResourcesBuildPhase;
			buildActionMask = 2147483647;
			files = (
			);
			runOnlyForDeploymentPostprocessing = 0;
		};
		B896EFC31DA02D400094DA89 /* Resources */ = {
			isa = PBXResourcesBuildPhase;
			buildActionMask = 2147483647;
			files = (
			);
			runOnlyForDeploymentPostprocessing = 0;
		};
/* End PBXResourcesBuildPhase section */

/* Begin PBXShellScriptBuildPhase section */
		0C8D30EEB6954E437E449362 /* [CP] Copy Pods Resources */ = {
			isa = PBXShellScriptBuildPhase;
			buildActionMask = 2147483647;
			files = (
			);
			inputPaths = (
			);
			name = "[CP] Copy Pods Resources";
			outputPaths = (
			);
			runOnlyForDeploymentPostprocessing = 0;
			shellPath = /bin/sh;
			shellScript = "\"${SRCROOT}/Pods/Target Support Files/Pods-TweetPinPointerUITests/Pods-TweetPinPointerUITests-resources.sh\"\n";
			showEnvVarsInLog = 0;
		};
		3873E2EBD7200E84B1A166C1 /* [CP] Copy Pods Resources */ = {
			isa = PBXShellScriptBuildPhase;
			buildActionMask = 2147483647;
			files = (
			);
			inputPaths = (
			);
			name = "[CP] Copy Pods Resources";
			outputPaths = (
			);
			runOnlyForDeploymentPostprocessing = 0;
			shellPath = /bin/sh;
			shellScript = "\"${SRCROOT}/Pods/Target Support Files/Pods-TweetPinPointer/Pods-TweetPinPointer-resources.sh\"\n";
			showEnvVarsInLog = 0;
		};
		55D04F519E11027432D48C3D /* [CP] Check Pods Manifest.lock */ = {
			isa = PBXShellScriptBuildPhase;
			buildActionMask = 2147483647;
			files = (
			);
			inputPaths = (
			);
			name = "[CP] Check Pods Manifest.lock";
			outputPaths = (
			);
			runOnlyForDeploymentPostprocessing = 0;
			shellPath = /bin/sh;
			shellScript = "diff \"${PODS_ROOT}/../Podfile.lock\" \"${PODS_ROOT}/Manifest.lock\" > /dev/null\nif [[ $? != 0 ]] ; then\n    cat << EOM\nerror: The sandbox is not in sync with the Podfile.lock. Run 'pod install' or update your CocoaPods installation.\nEOM\n    exit 1\nfi\n";
			showEnvVarsInLog = 0;
		};
		69A56D10AC4F5ECEE47450BF /* [CP] Embed Pods Frameworks */ = {
			isa = PBXShellScriptBuildPhase;
			buildActionMask = 2147483647;
			files = (
			);
			inputPaths = (
			);
			name = "[CP] Embed Pods Frameworks";
			outputPaths = (
			);
			runOnlyForDeploymentPostprocessing = 0;
			shellPath = /bin/sh;
			shellScript = "\"${SRCROOT}/Pods/Target Support Files/Pods-TweetPinPointerTests/Pods-TweetPinPointerTests-frameworks.sh\"\n";
			showEnvVarsInLog = 0;
		};
		8B3F2AA003C41E69C9969B3B /* [CP] Check Pods Manifest.lock */ = {
			isa = PBXShellScriptBuildPhase;
			buildActionMask = 2147483647;
			files = (
			);
			inputPaths = (
			);
			name = "[CP] Check Pods Manifest.lock";
			outputPaths = (
			);
			runOnlyForDeploymentPostprocessing = 0;
			shellPath = /bin/sh;
			shellScript = "diff \"${PODS_ROOT}/../Podfile.lock\" \"${PODS_ROOT}/Manifest.lock\" > /dev/null\nif [[ $? != 0 ]] ; then\n    cat << EOM\nerror: The sandbox is not in sync with the Podfile.lock. Run 'pod install' or update your CocoaPods installation.\nEOM\n    exit 1\nfi\n";
			showEnvVarsInLog = 0;
		};
		9B58C844FE4774B6B47038CF /* [CP] Embed Pods Frameworks */ = {
			isa = PBXShellScriptBuildPhase;
			buildActionMask = 2147483647;
			files = (
			);
			inputPaths = (
			);
			name = "[CP] Embed Pods Frameworks";
			outputPaths = (
			);
			runOnlyForDeploymentPostprocessing = 0;
			shellPath = /bin/sh;
			shellScript = "\"${SRCROOT}/Pods/Target Support Files/Pods-TweetPinPointer/Pods-TweetPinPointer-frameworks.sh\"\n";
			showEnvVarsInLog = 0;
		};
		D7DB99BB45FF6DDA0CDD709B /* [CP] Copy Pods Resources */ = {
			isa = PBXShellScriptBuildPhase;
			buildActionMask = 2147483647;
			files = (
			);
			inputPaths = (
			);
			name = "[CP] Copy Pods Resources";
			outputPaths = (
			);
			runOnlyForDeploymentPostprocessing = 0;
			shellPath = /bin/sh;
			shellScript = "\"${SRCROOT}/Pods/Target Support Files/Pods-TweetPinPointerTests/Pods-TweetPinPointerTests-resources.sh\"\n";
			showEnvVarsInLog = 0;
		};
		F8618F832443AB812749BA56 /* [CP] Check Pods Manifest.lock */ = {
			isa = PBXShellScriptBuildPhase;
			buildActionMask = 2147483647;
			files = (
			);
			inputPaths = (
			);
			name = "[CP] Check Pods Manifest.lock";
			outputPaths = (
			);
			runOnlyForDeploymentPostprocessing = 0;
			shellPath = /bin/sh;
			shellScript = "diff \"${PODS_ROOT}/../Podfile.lock\" \"${PODS_ROOT}/Manifest.lock\" > /dev/null\nif [[ $? != 0 ]] ; then\n    cat << EOM\nerror: The sandbox is not in sync with the Podfile.lock. Run 'pod install' or update your CocoaPods installation.\nEOM\n    exit 1\nfi\n";
			showEnvVarsInLog = 0;
		};
/* End PBXShellScriptBuildPhase section */

/* Begin PBXSourcesBuildPhase section */
		B896EFA21DA02D400094DA89 /* Sources */ = {
			isa = PBXSourcesBuildPhase;
			buildActionMask = 2147483647;
			files = (
				B80FED1D1DA09D48006B4F21 /* MarkerCreator.swift in Sources */,
				B80FED271DA0B96E006B4F21 /* MapsDelegate.swift in Sources */,
				B80FED231DA0A8A9006B4F21 /* TweetInfoWindow.swift in Sources */,
				B80FED251DA0AC53006B4F21 /* NibLoadExtension.swift in Sources */,
				B80FED1F1DA09FB4006B4F21 /* Tweet.swift in Sources */,
				B896EFAC1DA02D400094DA89 /* MapsController.swift in Sources */,
				B896EFAA1DA02D400094DA89 /* AppDelegate.swift in Sources */,
				B80A4B281DA07048007BFF99 /* Constant.swift in Sources */,
			);
			runOnlyForDeploymentPostprocessing = 0;
		};
		B896EFB61DA02D400094DA89 /* Sources */ = {
			isa = PBXSourcesBuildPhase;
			buildActionMask = 2147483647;
			files = (
				B896EFBF1DA02D400094DA89 /* TweetPinPointerTests.swift in Sources */,
			);
			runOnlyForDeploymentPostprocessing = 0;
		};
		B896EFC11DA02D400094DA89 /* Sources */ = {
			isa = PBXSourcesBuildPhase;
			buildActionMask = 2147483647;
			files = (
				B896EFCA1DA02D400094DA89 /* TweetPinPointerUITests.swift in Sources */,
			);
			runOnlyForDeploymentPostprocessing = 0;
		};
/* End PBXSourcesBuildPhase section */

/* Begin PBXTargetDependency section */
		B896EFBC1DA02D400094DA89 /* PBXTargetDependency */ = {
			isa = PBXTargetDependency;
			target = B896EFA51DA02D400094DA89 /* TweetPinPointer */;
			targetProxy = B896EFBB1DA02D400094DA89 /* PBXContainerItemProxy */;
		};
		B896EFC71DA02D400094DA89 /* PBXTargetDependency */ = {
			isa = PBXTargetDependency;
			target = B896EFA51DA02D400094DA89 /* TweetPinPointer */;
			targetProxy = B896EFC61DA02D400094DA89 /* PBXContainerItemProxy */;
		};
/* End PBXTargetDependency section */

/* Begin PBXVariantGroup section */
		B896EFAD1DA02D400094DA89 /* Main.storyboard */ = {
			isa = PBXVariantGroup;
			children = (
				B896EFAE1DA02D400094DA89 /* Base */,
			);
			name = Main.storyboard;
			sourceTree = "<group>";
		};
		B896EFB21DA02D400094DA89 /* LaunchScreen.storyboard */ = {
			isa = PBXVariantGroup;
			children = (
				B896EFB31DA02D400094DA89 /* Base */,
			);
			name = LaunchScreen.storyboard;
			sourceTree = "<group>";
		};
/* End PBXVariantGroup section */

/* Begin XCBuildConfiguration section */
		B896EFCC1DA02D400094DA89 /* Debug */ = {
			isa = XCBuildConfiguration;
			buildSettings = {
				ALWAYS_SEARCH_USER_PATHS = NO;
				CLANG_ANALYZER_NONNULL = YES;
				CLANG_CXX_LANGUAGE_STANDARD = "gnu++0x";
				CLANG_CXX_LIBRARY = "libc++";
				CLANG_ENABLE_MODULES = YES;
				CLANG_ENABLE_OBJC_ARC = YES;
				CLANG_WARN_BOOL_CONVERSION = YES;
				CLANG_WARN_CONSTANT_CONVERSION = YES;
				CLANG_WARN_DIRECT_OBJC_ISA_USAGE = YES_ERROR;
				CLANG_WARN_DOCUMENTATION_COMMENTS = YES;
				CLANG_WARN_EMPTY_BODY = YES;
				CLANG_WARN_ENUM_CONVERSION = YES;
				CLANG_WARN_INFINITE_RECURSION = YES;
				CLANG_WARN_INT_CONVERSION = YES;
				CLANG_WARN_OBJC_ROOT_CLASS = YES_ERROR;
				CLANG_WARN_SUSPICIOUS_MOVES = YES;
				CLANG_WARN_UNREACHABLE_CODE = YES;
				CLANG_WARN__DUPLICATE_METHOD_MATCH = YES;
				"CODE_SIGN_IDENTITY[sdk=iphoneos*]" = "iPhone Developer";
				COPY_PHASE_STRIP = NO;
				DEBUG_INFORMATION_FORMAT = dwarf;
				ENABLE_STRICT_OBJC_MSGSEND = YES;
				ENABLE_TESTABILITY = YES;
				GCC_C_LANGUAGE_STANDARD = gnu99;
				GCC_DYNAMIC_NO_PIC = NO;
				GCC_NO_COMMON_BLOCKS = YES;
				GCC_OPTIMIZATION_LEVEL = 0;
				GCC_PREPROCESSOR_DEFINITIONS = (
					"DEBUG=1",
					"$(inherited)",
				);
				GCC_WARN_64_TO_32_BIT_CONVERSION = YES;
				GCC_WARN_ABOUT_RETURN_TYPE = YES_ERROR;
				GCC_WARN_UNDECLARED_SELECTOR = YES;
				GCC_WARN_UNINITIALIZED_AUTOS = YES_AGGRESSIVE;
				GCC_WARN_UNUSED_FUNCTION = YES;
				GCC_WARN_UNUSED_VARIABLE = YES;
				IPHONEOS_DEPLOYMENT_TARGET = 10.0;
				MTL_ENABLE_DEBUG_INFO = YES;
				ONLY_ACTIVE_ARCH = YES;
				SDKROOT = iphoneos;
				SWIFT_ACTIVE_COMPILATION_CONDITIONS = DEBUG;
				SWIFT_OPTIMIZATION_LEVEL = "-Onone";
				TARGETED_DEVICE_FAMILY = "1,2";
			};
			name = Debug;
		};
		B896EFCD1DA02D400094DA89 /* Release */ = {
			isa = XCBuildConfiguration;
			buildSettings = {
				ALWAYS_SEARCH_USER_PATHS = NO;
				CLANG_ANALYZER_NONNULL = YES;
				CLANG_CXX_LANGUAGE_STANDARD = "gnu++0x";
				CLANG_CXX_LIBRARY = "libc++";
				CLANG_ENABLE_MODULES = YES;
				CLANG_ENABLE_OBJC_ARC = YES;
				CLANG_WARN_BOOL_CONVERSION = YES;
				CLANG_WARN_CONSTANT_CONVERSION = YES;
				CLANG_WARN_DIRECT_OBJC_ISA_USAGE = YES_ERROR;
				CLANG_WARN_DOCUMENTATION_COMMENTS = YES;
				CLANG_WARN_EMPTY_BODY = YES;
				CLANG_WARN_ENUM_CONVERSION = YES;
				CLANG_WARN_INFINITE_RECURSION = YES;
				CLANG_WARN_INT_CONVERSION = YES;
				CLANG_WARN_OBJC_ROOT_CLASS = YES_ERROR;
				CLANG_WARN_SUSPICIOUS_MOVES = YES;
				CLANG_WARN_UNREACHABLE_CODE = YES;
				CLANG_WARN__DUPLICATE_METHOD_MATCH = YES;
				"CODE_SIGN_IDENTITY[sdk=iphoneos*]" = "iPhone Developer";
				COPY_PHASE_STRIP = NO;
				DEBUG_INFORMATION_FORMAT = "dwarf-with-dsym";
				ENABLE_NS_ASSERTIONS = NO;
				ENABLE_STRICT_OBJC_MSGSEND = YES;
				GCC_C_LANGUAGE_STANDARD = gnu99;
				GCC_NO_COMMON_BLOCKS = YES;
				GCC_WARN_64_TO_32_BIT_CONVERSION = YES;
				GCC_WARN_ABOUT_RETURN_TYPE = YES_ERROR;
				GCC_WARN_UNDECLARED_SELECTOR = YES;
				GCC_WARN_UNINITIALIZED_AUTOS = YES_AGGRESSIVE;
				GCC_WARN_UNUSED_FUNCTION = YES;
				GCC_WARN_UNUSED_VARIABLE = YES;
				IPHONEOS_DEPLOYMENT_TARGET = 10.0;
				MTL_ENABLE_DEBUG_INFO = NO;
				SDKROOT = iphoneos;
				SWIFT_OPTIMIZATION_LEVEL = "-Owholemodule";
				TARGETED_DEVICE_FAMILY = "1,2";
				VALIDATE_PRODUCT = YES;
			};
			name = Release;
		};
		B896EFCF1DA02D400094DA89 /* Debug */ = {
			isa = XCBuildConfiguration;
			baseConfigurationReference = 85263629FA1C21A7341484AF /* Pods-TweetPinPointer.debug.xcconfig */;
			buildSettings = {
				ASSETCATALOG_COMPILER_APPICON_NAME = AppIcon;
				DEVELOPMENT_TEAM = B43REW4B7B;
				INFOPLIST_FILE = TweetPinPointer/Info.plist;
				LD_RUNPATH_SEARCH_PATHS = "$(inherited) @executable_path/Frameworks";
				PRODUCT_BUNDLE_IDENTIFIER = edu.self.mhoang.TweetPinPointer;
				PRODUCT_NAME = "$(TARGET_NAME)";
				SWIFT_VERSION = 3.0;
			};
			name = Debug;
		};
		B896EFD01DA02D400094DA89 /* Release */ = {
			isa = XCBuildConfiguration;
			baseConfigurationReference = 5AABF6C249C4B14ACD95DAAB /* Pods-TweetPinPointer.release.xcconfig */;
			buildSettings = {
				ASSETCATALOG_COMPILER_APPICON_NAME = AppIcon;
				DEVELOPMENT_TEAM = B43REW4B7B;
				INFOPLIST_FILE = TweetPinPointer/Info.plist;
				LD_RUNPATH_SEARCH_PATHS = "$(inherited) @executable_path/Frameworks";
				PRODUCT_BUNDLE_IDENTIFIER = edu.self.mhoang.TweetPinPointer;
				PRODUCT_NAME = "$(TARGET_NAME)";
				SWIFT_VERSION = 3.0;
			};
			name = Release;
		};
		B896EFD21DA02D400094DA89 /* Debug */ = {
			isa = XCBuildConfiguration;
			baseConfigurationReference = EED4B796E8067361C8E3B001 /* Pods-TweetPinPointerTests.debug.xcconfig */;
			buildSettings = {
				ALWAYS_EMBED_SWIFT_STANDARD_LIBRARIES = YES;
				BUNDLE_LOADER = "$(TEST_HOST)";
				INFOPLIST_FILE = TweetPinPointerTests/Info.plist;
				LD_RUNPATH_SEARCH_PATHS = "$(inherited) @executable_path/Frameworks @loader_path/Frameworks";
				PRODUCT_BUNDLE_IDENTIFIER = edu.self.mhoang.TweetPinPointerTests;
				PRODUCT_NAME = "$(TARGET_NAME)";
				SWIFT_VERSION = 3.0;
				TEST_HOST = "$(BUILT_PRODUCTS_DIR)/TweetPinPointer.app/TweetPinPointer";
			};
			name = Debug;
		};
		B896EFD31DA02D400094DA89 /* Release */ = {
			isa = XCBuildConfiguration;
			baseConfigurationReference = 8EF9AAD8EF61923EB907A71D /* Pods-TweetPinPointerTests.release.xcconfig */;
			buildSettings = {
				ALWAYS_EMBED_SWIFT_STANDARD_LIBRARIES = YES;
				BUNDLE_LOADER = "$(TEST_HOST)";
				INFOPLIST_FILE = TweetPinPointerTests/Info.plist;
				LD_RUNPATH_SEARCH_PATHS = "$(inherited) @executable_path/Frameworks @loader_path/Frameworks";
				PRODUCT_BUNDLE_IDENTIFIER = edu.self.mhoang.TweetPinPointerTests;
				PRODUCT_NAME = "$(TARGET_NAME)";
				SWIFT_VERSION = 3.0;
				TEST_HOST = "$(BUILT_PRODUCTS_DIR)/TweetPinPointer.app/TweetPinPointer";
			};
			name = Release;
		};
		B896EFD51DA02D400094DA89 /* Debug */ = {
			isa = XCBuildConfiguration;
			baseConfigurationReference = 6336A4B2941DFB57AC59768B /* Pods-TweetPinPointerUITests.debug.xcconfig */;
			buildSettings = {
				ALWAYS_EMBED_SWIFT_STANDARD_LIBRARIES = YES;
				INFOPLIST_FILE = TweetPinPointerUITests/Info.plist;
				LD_RUNPATH_SEARCH_PATHS = "$(inherited) @executable_path/Frameworks @loader_path/Frameworks";
				PRODUCT_BUNDLE_IDENTIFIER = edu.self.mhoang.TweetPinPointerUITests;
				PRODUCT_NAME = "$(TARGET_NAME)";
				SWIFT_VERSION = 3.0;
				TEST_TARGET_NAME = TweetPinPointer;
			};
			name = Debug;
		};
		B896EFD61DA02D400094DA89 /* Release */ = {
			isa = XCBuildConfiguration;
			baseConfigurationReference = 6AF0C76F9CF080A3CBB65D33 /* Pods-TweetPinPointerUITests.release.xcconfig */;
			buildSettings = {
				ALWAYS_EMBED_SWIFT_STANDARD_LIBRARIES = YES;
				INFOPLIST_FILE = TweetPinPointerUITests/Info.plist;
				LD_RUNPATH_SEARCH_PATHS = "$(inherited) @executable_path/Frameworks @loader_path/Frameworks";
				PRODUCT_BUNDLE_IDENTIFIER = edu.self.mhoang.TweetPinPointerUITests;
				PRODUCT_NAME = "$(TARGET_NAME)";
				SWIFT_VERSION = 3.0;
				TEST_TARGET_NAME = TweetPinPointer;
			};
			name = Release;
		};
/* End XCBuildConfiguration section */

/* Begin XCConfigurationList section */
		B896EFA11DA02D400094DA89 /* Build configuration list for PBXProject "TweetPinPointer" */ = {
			isa = XCConfigurationList;
			buildConfigurations = (
				B896EFCC1DA02D400094DA89 /* Debug */,
				B896EFCD1DA02D400094DA89 /* Release */,
			);
			defaultConfigurationIsVisible = 0;
			defaultConfigurationName = Release;
		};
		B896EFCE1DA02D400094DA89 /* Build configuration list for PBXNativeTarget "TweetPinPointer" */ = {
			isa = XCConfigurationList;
			buildConfigurations = (
				B896EFCF1DA02D400094DA89 /* Debug */,
				B896EFD01DA02D400094DA89 /* Release */,
			);
			defaultConfigurationIsVisible = 0;
			defaultConfigurationName = Release;
		};
		B896EFD11DA02D400094DA89 /* Build configuration list for PBXNativeTarget "TweetPinPointerTests" */ = {
			isa = XCConfigurationList;
			buildConfigurations = (
				B896EFD21DA02D400094DA89 /* Debug */,
				B896EFD31DA02D400094DA89 /* Release */,
			);
			defaultConfigurationIsVisible = 0;
			defaultConfigurationName = Release;
		};
		B896EFD41DA02D400094DA89 /* Build configuration list for PBXNativeTarget "TweetPinPointerUITests" */ = {
			isa = XCConfigurationList;
			buildConfigurations = (
				B896EFD51DA02D400094DA89 /* Debug */,
				B896EFD61DA02D400094DA89 /* Release */,
			);
			defaultConfigurationIsVisible = 0;
			defaultConfigurationName = Release;
		};
/* End XCConfigurationList section */
	};
	rootObject = B896EF9E1DA02D400094DA89 /* Project object */;
}
